
Microsoft Visual Studio Solution File, Format Version 12.00
# Visual Studio 15
Project("{FAE04EC0-301F-11D3-BF4B-00C04F79EFBC}") = "Assembly-CSharp", "Assembly-CSharp.csproj", "{392E20E1-51F6-B092-20A0-804671ECB02C}"
EndProject
Project("{FAE04EC0-301F-11D3-BF4B-00C04F79EFBC}") = "Assembly-CSharp-firstpass", "Assembly-CSharp-firstpass.csproj", "{993B8560-53B3-08CC-CFC9-14ED32BA66CF}"
EndProject
Project("{FAE04EC0-301F-11D3-BF4B-00C04F79EFBC}") = "Assembly-CSharp-Editor-firstpass", "Assembly-CSharp-Editor-firstpass.csproj", "{B36B619A-698E-DD42-DC52-591C1C428400}"
EndProject
Project("{FAE04EC0-301F-11D3-BF4B-00C04F79EFBC}") = "Assembly-CSharp-Editor", "Assembly-CSharp-Editor.csproj", "{04DCCD30-33E7-31AA-0057-3153C7D34DB8}"
EndProject
Global
	GlobalSection(SolutionConfigurationPlatforms) = preSolution
		Debug|Any CPU = Debug|Any CPU
		Release|Any CPU = Release|Any CPU
	EndGlobalSection
	GlobalSection(ProjectConfigurationPlatforms) = postSolution
		{392E20E1-51F6-B092-20A0-804671ECB02C}.Debug|Any CPU.ActiveCfg = Debug|Any CPU
		{392E20E1-51F6-B092-20A0-804671ECB02C}.Debug|Any CPU.Build.0 = Debug|Any CPU
		{392E20E1-51F6-B092-20A0-804671ECB02C}.Release|Any CPU.ActiveCfg = Release|Any CPU
		{392E20E1-51F6-B092-20A0-804671ECB02C}.Release|Any CPU.Build.0 = Release|Any CPU
		{993B8560-53B3-08CC-CFC9-14ED32BA66CF}.Debug|Any CPU.ActiveCfg = Debug|Any CPU
		{993B8560-53B3-08CC-CFC9-14ED32BA66CF}.Debug|Any CPU.Build.0 = Debug|Any CPU
		{993B8560-53B3-08CC-CFC9-14ED32BA66CF}.Release|Any CPU.ActiveCfg = Release|Any CPU
		{993B8560-53B3-08CC-CFC9-14ED32BA66CF}.Release|Any CPU.Build.0 = Release|Any CPU
		{B36B619A-698E-DD42-DC52-591C1C428400}.Debug|Any CPU.ActiveCfg = Debug|Any CPU
		{B36B619A-698E-DD42-DC52-591C1C428400}.Debug|Any CPU.Build.0 = Debug|Any CPU
		{B36B619A-698E-DD42-DC52-591C1C428400}.Release|Any CPU.ActiveCfg = Release|Any CPU
		{B36B619A-698E-DD42-DC52-591C1C428400}.Release|Any CPU.Build.0 = Release|Any CPU
		{04DCCD30-33E7-31AA-0057-3153C7D34DB8}.Debug|Any CPU.ActiveCfg = Debug|Any CPU
		{04DCCD30-33E7-31AA-0057-3153C7D34DB8}.Debug|Any CPU.Build.0 = Debug|Any CPU
		{04DCCD30-33E7-31AA-0057-3153C7D34DB8}.Release|Any CPU.ActiveCfg = Release|Any CPU
		{04DCCD30-33E7-31AA-0057-3153C7D34DB8}.Release|Any CPU.Build.0 = Release|Any CPU
	EndGlobalSection
	GlobalSection(SolutionProperties) = preSolution
		HideSolutionNode = FALSE
	EndGlobalSection
EndGlobal
